Microsoft Visual Studio Solution File, Format Version 12.00
# Visual Studio Version 16
VisualStudioVersion = 16.0.0.0
MinimumVisualStudioVersion = 16.0.0.0
Project("{9A19103F-16F7-4668-BE54-9A1E7A4F7556}") = "ChangeDetection", "ChangeDetection\ChangeDetection.csproj", "{B4D0FFDB-7E7B-4AE9-896A-4887F4AEC978}"
EndProject
Project("{9A19103F-16F7-4668-BE54-9A1E7A4F7556}") = "ChangeDetection.Client", "ChangeDetection.Client\ChangeDetection.Client.csproj", "{663B7514-E60C-4FA6-AF50-33C2D4915F08}"
EndProject
Global
	GlobalSection(SolutionConfigurationPlatforms) = preSolution
		Debug|Any CPU = Debug|Any CPU
		Debug|x64 = Debug|x64
		Debug|x86 = Debug|x86
		Release|Any CPU = Release|Any CPU
		Release|x64 = Release|x64
		Release|x86 = Release|x86
	EndGlobalSection
	GlobalSection(ProjectConfigurationPlatforms) = postSolution
		{663B7514-E60C-4FA6-AF50-33C2D4915F08}.Debug|Any CPU.ActiveCfg = Debug|Any CPU
		{663B7514-E60C-4FA6-AF50-33C2D4915F08}.Debug|Any CPU.Build.0 = Debug|Any CPU
		{663B7514-E60C-4FA6-AF50-33C2D4915F08}.Debug|x64.ActiveCfg = Debug|Any CPU
		{663B7514-E60C-4FA6-AF50-33C2D4915F08}.Debug|x64.Build.0 = Debug|Any CPU
		{663B7514-E60C-4FA6-AF50-33C2D4915F08}.Debug|x86.ActiveCfg = Debug|Any CPU
		{663B7514-E60C-4FA6-AF50-33C2D4915F08}.Debug|x86.Build.0 = Debug|Any CPU
		{663B7514-E60C-4FA6-AF50-33C2D4915F08}.Release|Any CPU.ActiveCfg = Release|Any CPU
		{663B7514-E60C-4FA6-AF50-33C2D4915F08}.Release|Any CPU.Build.0 = Release|Any CPU
		{663B7514-E60C-4FA6-AF50-33C2D4915F08}.Release|x64.ActiveCfg = Release|Any CPU
		{663B7514-E60C-4FA6-AF50-33C2D4915F08}.Release|x64.Build.0 = Release|Any CPU
		{663B7514-E60C-4FA6-AF50-33C2D4915F08}.Release|x86.ActiveCfg = Release|Any CPU
		{663B7514-E60C-4FA6-AF50-33C2D4915F08}.Release|x86.Build.0 = Release|Any CPU
		{B4D0FFDB-7E7B-4AE9-896A-4887F4AEC978}.Debug|Any CPU.ActiveCfg = Debug|Any CPU
		{B4D0FFDB-7E7B-4AE9-896A-4887F4AEC978}.Debug|Any CPU.Build.0 = Debug|Any CPU
		{B4D0FFDB-7E7B-4AE9-896A-4887F4AEC978}.Debug|x64.ActiveCfg = Debug|Any CPU
		{B4D0FFDB-7E7B-4AE9-896A-4887F4AEC978}.Debug|x64.Build.0 = Debug|Any CPU
		{B4D0FFDB-7E7B-4AE9-896A-4887F4AEC978}.Debug|x86.ActiveCfg = Debug|Any CPU
		{B4D0FFDB-7E7B-4AE9-896A-4887F4AEC978}.Debug|x86.Build.0 = Debug|Any CPU
		{B4D0FFDB-7E7B-4AE9-896A-4887F4AEC978}.Release|Any CPU.ActiveCfg = Release|Any CPU
		{B4D0FFDB-7E7B-4AE9-896A-4887F4AEC978}.Release|Any CPU.Build.0 = Release|Any CPU
		{B4D0FFDB-7E7B-4AE9-896A-4887F4AEC978}.Release|x64.ActiveCfg = Release|Any CPU
		{B4D0FFDB-7E7B-4AE9-896A-4887F4AEC978}.Release|x64.Build.0 = Release|Any CPU
		{B4D0FFDB-7E7B-4AE9-896A-4887F4AEC978}.Release|x86.ActiveCfg = Release|Any CPU
		{B4D0FFDB-7E7B-4AE9-896A-4887F4AEC978}.Release|x86.Build.0 = Release|Any CPU
	EndGlobalSection
	GlobalSection(SolutionProperties) = preSolution
		HideSolutionNode = FALSE
	EndGlobalSection
	GlobalSection(ExtensibilityGlobals) = postSolution
		SolutionGuid = {78EFC976-55C5-48D5-AA55-2FBB0055E851}
	EndGlobalSection
EndGlobal
